
Microsoft Visual Studio Solution File, Format Version 12.00
# Visual Studio Version 17
VisualStudioVersion = 17.3.32804.467
MinimumVisualStudioVersion = 10.0.40219.1
Project("{9A19103F-16F7-4668-BE54-9A1E7A4F7556}") = "BuildingEnergyCalculator", "buildingEnergyCalculator\BuildingEnergyCalculator.csproj", "{FAC329EC-4E54-406D-99B0-7A3B84101B29}"
EndProject
Project("{9A19103F-16F7-4668-BE54-9A1E7A4F7556}") = "BuildingEnergyCalculator.IntegrationTests", "TestProject1\BuildingEnergyCalculator.IntegrationTests.csproj", "{B752E9D6-05EF-411A-AA5B-ABA6EB9DBDDC}"
EndProject
Project("{9A19103F-16F7-4668-BE54-9A1E7A4F7556}") = "CalcServer", "Calculator\CalcServer.csproj", "{BFA9C5AF-23C6-4651-AD68-98C442AE686A}"
EndProject
Global
	GlobalSection(SolutionConfigurationPlatforms) = preSolution
		Debug|Any CPU = Debug|Any CPU
		Release|Any CPU = Release|Any CPU
	EndGlobalSection
	GlobalSection(ProjectConfigurationPlatforms) = postSolution
		{FAC329EC-4E54-406D-99B0-7A3B84101B29}.Debug|Any CPU.ActiveCfg = Debug|Any CPU
		{FAC329EC-4E54-406D-99B0-7A3B84101B29}.Debug|Any CPU.Build.0 = Debug|Any CPU
		{FAC329EC-4E54-406D-99B0-7A3B84101B29}.Release|Any CPU.ActiveCfg = Release|Any CPU
		{FAC329EC-4E54-406D-99B0-7A3B84101B29}.Release|Any CPU.Build.0 = Release|Any CPU
		{B752E9D6-05EF-411A-AA5B-ABA6EB9DBDDC}.Debug|Any CPU.ActiveCfg = Debug|Any CPU
		{B752E9D6-05EF-411A-AA5B-ABA6EB9DBDDC}.Debug|Any CPU.Build.0 = Debug|Any CPU
		{B752E9D6-05EF-411A-AA5B-ABA6EB9DBDDC}.Release|Any CPU.ActiveCfg = Release|Any CPU
		{B752E9D6-05EF-411A-AA5B-ABA6EB9DBDDC}.Release|Any CPU.Build.0 = Release|Any CPU
		{BFA9C5AF-23C6-4651-AD68-98C442AE686A}.Debug|Any CPU.ActiveCfg = Debug|Any CPU
		{BFA9C5AF-23C6-4651-AD68-98C442AE686A}.Debug|Any CPU.Build.0 = Debug|Any CPU
		{BFA9C5AF-23C6-4651-AD68-98C442AE686A}.Release|Any CPU.ActiveCfg = Release|Any CPU
		{BFA9C5AF-23C6-4651-AD68-98C442AE686A}.Release|Any CPU.Build.0 = Release|Any CPU
	EndGlobalSection
	GlobalSection(SolutionProperties) = preSolution
		HideSolutionNode = FALSE
	EndGlobalSection
	GlobalSection(ExtensibilityGlobals) = postSolution
		SolutionGuid = {B30D4562-97A7-40E9-91D9-A6520765196D}
	EndGlobalSection
EndGlobal
